
Microsoft Visual Studio Solution File, Format Version 12.00
# Visual Studio 15
VisualStudioVersion = 15.0.28307.271
MinimumVisualStudioVersion = 10.0.40219.1
Project("{FAE04EC0-301F-11D3-BF4B-00C04F79EFBC}") = "FileRead", "FileRead\FileRead.csproj", "{BDBD67A9-EE2C-4652-A1CF-426417AF3DD5}"
EndProject
Global
	GlobalSection(SolutionConfigurationPlatforms) = preSolution
		Debug|Any CPU = Debug|Any CPU
		Release|Any CPU = Release|Any CPU
	EndGlobalSection
	GlobalSection(ProjectConfigurationPlatforms) = postSolution
		{BDBD67A9-EE2C-4652-A1CF-426417AF3DD5}.Debug|Any CPU.ActiveCfg = Debug|Any CPU
		{BDBD67A9-EE2C-4652-A1CF-426417AF3DD5}.Debug|Any CPU.Build.0 = Debug|Any CPU
		{BDBD67A9-EE2C-4652-A1CF-426417AF3DD5}.Release|Any CPU.ActiveCfg = Release|Any CPU
		{BDBD67A9-EE2C-4652-A1CF-426417AF3DD5}.Release|Any CPU.Build.0 = Release|Any CPU
	EndGlobalSection
	GlobalSection(SolutionProperties) = preSolution
		HideSolutionNode = FALSE
	EndGlobalSection
	GlobalSection(ExtensibilityGlobals) = postSolution
		SolutionGuid = {86CE3B67-46D1-404A-A4D1-40AD2A0E05C3}
	EndGlobalSection
EndGlobal
